
Microsoft Visual Studio Solution File, Format Version 12.00
# Visual Studio Version 16
VisualStudioVersion = 16.0.31624.102
MinimumVisualStudioVersion = 10.0.40219.1
Project("{9A19103F-16F7-4668-BE54-9A1E7A4F7556}") = "ImageService", "ImageService\ImageService.csproj", "{E064E089-9FF2-4320-852C-B2DB271EC19F}"
EndProject
Project("{9A19103F-16F7-4668-BE54-9A1E7A4F7556}") = "ImageServiceTest", "ImageServiceTest\ImageServiceTest.csproj", "{7B0C86A7-B55A-4299-B3D5-8849DBA8AB47}"
	ProjectSection(ProjectDependencies) = postProject
		{E064E089-9FF2-4320-852C-B2DB271EC19F} = {E064E089-9FF2-4320-852C-B2DB271EC19F}
	EndProjectSection
EndProject
Project("{9A19103F-16F7-4668-BE54-9A1E7A4F7556}") = "AuthenticationService", "AuthenticationService\AuthenticationService.csproj", "{5E66790E-37E1-42E2-99CF-1B820FD704A9}"
EndProject
Project("{9A19103F-16F7-4668-BE54-9A1E7A4F7556}") = "AuthenticationServiceTest", "AuthenticationServiceTest\AuthenticationServiceTest.csproj", "{56DA9173-CF4C-49D5-9BC9-A8DEAB809D26}"
	ProjectSection(ProjectDependencies) = postProject
		{5E66790E-37E1-42E2-99CF-1B820FD704A9} = {5E66790E-37E1-42E2-99CF-1B820FD704A9}
	EndProjectSection
EndProject
Global
	GlobalSection(SolutionConfigurationPlatforms) = preSolution
		Debug|Any CPU = Debug|Any CPU
		Release|Any CPU = Release|Any CPU
	EndGlobalSection
	GlobalSection(ProjectConfigurationPlatforms) = postSolution
		{E064E089-9FF2-4320-852C-B2DB271EC19F}.Debug|Any CPU.ActiveCfg = Debug|Any CPU
		{E064E089-9FF2-4320-852C-B2DB271EC19F}.Debug|Any CPU.Build.0 = Debug|Any CPU
		{E064E089-9FF2-4320-852C-B2DB271EC19F}.Release|Any CPU.ActiveCfg = Release|Any CPU
		{E064E089-9FF2-4320-852C-B2DB271EC19F}.Release|Any CPU.Build.0 = Release|Any CPU
		{7B0C86A7-B55A-4299-B3D5-8849DBA8AB47}.Debug|Any CPU.ActiveCfg = Debug|Any CPU
		{7B0C86A7-B55A-4299-B3D5-8849DBA8AB47}.Debug|Any CPU.Build.0 = Debug|Any CPU
		{7B0C86A7-B55A-4299-B3D5-8849DBA8AB47}.Release|Any CPU.ActiveCfg = Release|Any CPU
		{7B0C86A7-B55A-4299-B3D5-8849DBA8AB47}.Release|Any CPU.Build.0 = Release|Any CPU
		{5E66790E-37E1-42E2-99CF-1B820FD704A9}.Debug|Any CPU.ActiveCfg = Debug|Any CPU
		{5E66790E-37E1-42E2-99CF-1B820FD704A9}.Debug|Any CPU.Build.0 = Debug|Any CPU
		{5E66790E-37E1-42E2-99CF-1B820FD704A9}.Release|Any CPU.ActiveCfg = Release|Any CPU
		{5E66790E-37E1-42E2-99CF-1B820FD704A9}.Release|Any CPU.Build.0 = Release|Any CPU
		{56DA9173-CF4C-49D5-9BC9-A8DEAB809D26}.Debug|Any CPU.ActiveCfg = Debug|Any CPU
		{56DA9173-CF4C-49D5-9BC9-A8DEAB809D26}.Debug|Any CPU.Build.0 = Debug|Any CPU
		{56DA9173-CF4C-49D5-9BC9-A8DEAB809D26}.Release|Any CPU.ActiveCfg = Release|Any CPU
		{56DA9173-CF4C-49D5-9BC9-A8DEAB809D26}.Release|Any CPU.Build.0 = Release|Any CPU
	EndGlobalSection
	GlobalSection(SolutionProperties) = preSolution
		HideSolutionNode = FALSE
	EndGlobalSection
	GlobalSection(ExtensibilityGlobals) = postSolution
		SolutionGuid = {4F8D1B2F-FBDE-4F1D-9AF5-712BBBA8851F}
	EndGlobalSection
EndGlobal
